// !$*UTF8*$!
{
	archiveVersion = 1;
	classes = {
	};
	objectVersion = 46;
	objects = {

/* Begin PBXBuildFile section */
		077AF5B61C1B0C3C00BD655E /* AppDelegate.swift in Sources */ = {isa = PBXBuildFile; fileRef = 077AF5B51C1B0C3C00BD655E /* AppDelegate.swift */; };
		077AF5B81C1B0C3C00BD655E /* ViewController.swift in Sources */ = {isa = PBXBuildFile; fileRef = 077AF5B71C1B0C3C00BD655E /* ViewController.swift */; };
		077AF5BB1C1B0C3C00BD655E /* Main.storyboard in Resources */ = {isa = PBXBuildFile; fileRef = 077AF5B91C1B0C3C00BD655E /* Main.storyboard */; };
		077AF5BD1C1B0C3C00BD655E /* Assets.xcassets in Resources */ = {isa = PBXBuildFile; fileRef = 077AF5BC1C1B0C3C00BD655E /* Assets.xcassets */; };
		077AF5C01C1B0C3C00BD655E /* LaunchScreen.storyboard in Resources */ = {isa = PBXBuildFile; fileRef = 077AF5BE1C1B0C3C00BD655E /* LaunchScreen.storyboard */; };
		077AF5CB1C1B0C3C00BD655E /* DemoApplicationTests.swift in Sources */ = {isa = PBXBuildFile; fileRef = 077AF5CA1C1B0C3C00BD655E /* DemoApplicationTests.swift */; };
/* End PBXBuildFile section */

/* Begin PBXContainerItemProxy section */
		077AF5C71C1B0C3C00BD655E /* PBXContainerItemProxy */ = {
			isa = PBXContainerItemProxy;
			containerPortal = 077AF5AA1C1B0C3C00BD655E /* Project object */;
			proxyType = 1;
			remoteGlobalIDString = 077AF5B11C1B0C3C00BD655E;
			remoteInfo = DemoApplication;
		};
/* End PBXContainerItemProxy section */

/* Begin PBXFileReference section */
		077AF5B21C1B0C3C00BD655E /* DemoApplication.app */ = {isa = PBXFileReference; explicitFileType = wrapper.application; includeInIndex = 0; path = DemoApplication.app; sourceTree = BUILT_PRODUCTS_DIR; };
		077AF5B51C1B0C3C00BD655E /* AppDelegate.swift */ = {isa = PBXFileReference; lastKnownFileType = sourcecode.swift; path = AppDelegate.swift; sourceTree = "<group>"; };
		077AF5B71C1B0C3C00BD655E /* ViewController.swift */ = {isa = PBXFileReference; lastKnownFileType = sourcecode.swift; path = ViewController.swift; sourceTree = "<group>"; };
		077AF5BA1C1B0C3C00BD655E /* Base */ = {isa = PBXFileReference; lastKnownFileType = file.storyboard; name = Base; path = Base.lproj/Main.storyboard; sourceTree = "<group>"; };
		077AF5BC1C1B0C3C00BD655E /* Assets.xcassets */ = {isa = PBXFileReference; lastKnownFileType = folder.assetcatalog; path = Assets.xcassets; sourceTree = "<group>"; };
		077AF5BF1C1B0C3C00BD655E /* Base */ = {isa = PBXFileReference; lastKnownFileType = file.storyboard; name = Base; path = Base.lproj/LaunchScreen.storyboard; sourceTree = "<group>"; };
		077AF5C11C1B0C3C00BD655E /* Info.plist */ = {isa = PBXFileReference; lastKnownFileType = text.plist.xml; path = Info.plist; sourceTree = "<group>"; };
		077AF5C61C1B0C3C00BD655E /* DemoApplicationTests.xctest */ = {isa = PBXFileReference; explicitFileType = wrapper.cfbundle; includeInIndex = 0; path = DemoApplicationTests.xctest; sourceTree = BUILT_PRODUCTS_DIR; };
		077AF5CA1C1B0C3C00BD655E /* DemoApplicationTests.swift */ = {isa = PBXFileReference; lastKnownFileType = sourcecode.swift; path = DemoApplicationTests.swift; sourceTree = "<group>"; };
		077AF5CC1C1B0C3C00BD655E /* Info.plist */ = {isa = PBXFileReference; lastKnownFileType = text.plist.xml; path = Info.plist; sourceTree = "<group>"; };
/* End PBXFileReference section */

/* Begin PBXFrameworksBuildPhase section */
		077AF5AF1C1B0C3C00BD655E /* Frameworks */ = {
			isa = PBXFrameworksBuildPhase;
			buildActionMask = 2147483647;
			files = (
			);
			runOnlyForDeploymentPostprocessing = 0;
		};
		077AF5C31C1B0C3C00BD655E /* Frameworks */ = {
			isa = PBXFrameworksBuildPhase;
			buildActionMask = 2147483647;
			files = (
			);
			runOnlyForDeploymentPostprocessing = 0;
		};
/* End PBXFrameworksBuildPhase section */

/* Begin PBXGroup section */
		077AF5A91C1B0C3C00BD655E = {
			isa = PBXGroup;
			children = (
				077AF5B41C1B0C3C00BD655E /* DemoApplication */,
				077AF5C91C1B0C3C00BD655E /* DemoApplicationTests */,
				077AF5B31C1B0C3C00BD655E /* Products */,
			);
			sourceTree = "<group>";
		};
		077AF5B31C1B0C3C00BD655E /* Products */ = {
			isa = PBXGroup;
			children = (
				077AF5B21C1B0C3C00BD655E /* DemoApplication.app */,
				077AF5C61C1B0C3C00BD655E /* DemoApplicationTests.xctest */,
			);
			name = Products;
			sourceTree = "<group>";
		};
		077AF5B41C1B0C3C00BD655E /* DemoApplication */ = {
			isa = PBXGroup;
			children = (
				077AF5B51C1B0C3C00BD655E /* AppDelegate.swift */,
				077AF5B71C1B0C3C00BD655E /* ViewController.swift */,
				077AF5B91C1B0C3C00BD655E /* Main.storyboard */,
				077AF5BC1C1B0C3C00BD655E /* Assets.xcassets */,
				077AF5BE1C1B0C3C00BD655E /* LaunchScreen.storyboard */,
				077AF5C11C1B0C3C00BD655E /* Info.plist */,
			);
			path = DemoApplication;
			sourceTree = "<group>";
		};
		077AF5C91C1B0C3C00BD655E /* DemoApplicationTests */ = {
			isa = PBXGroup;
			children = (
				077AF5CA1C1B0C3C00BD655E /* DemoApplicationTests.swift */,
				077AF5CC1C1B0C3C00BD655E /* Info.plist */,
			);
			path = DemoApplicationTests;
			sourceTree = "<group>";
		};
/* End PBXGroup section */

/* Begin PBXNativeTarget section */
		077AF5B11C1B0C3C00BD655E /* DemoApplication */ = {
			isa = PBXNativeTarget;
			buildConfigurationList = 077AF5CF1C1B0C3C00BD655E /* Build configuration list for PBXNativeTarget "DemoApplication" */;
			buildPhases = (
				077AF5AE1C1B0C3C00BD655E /* Sources */,
				077AF5AF1C1B0C3C00BD655E /* Frameworks */,
				077AF5B01C1B0C3C00BD655E /* Resources */,
			);
			buildRules = (
			);
			dependencies = (
			);
			name = DemoApplication;
			productName = DemoApplication;
			productReference = 077AF5B21C1B0C3C00BD655E /* DemoApplication.app */;
			productType = "com.apple.product-type.application";
		};
		077AF5C51C1B0C3C00BD655E /* DemoApplicationTests */ = {
			isa = PBXNativeTarget;
			buildConfigurationList = 077AF5D21C1B0C3C00BD655E /* Build configuration list for PBXNativeTarget "DemoApplicationTests" */;
			buildPhases = (
				077AF5C21C1B0C3C00BD655E /* Sources */,
				077AF5C31C1B0C3C00BD655E /* Frameworks */,
				077AF5C41C1B0C3C00BD655E /* Resources */,
			);
			buildRules = (
			);
			dependencies = (
				077AF5C81C1B0C3C00BD655E /* PBXTargetDependency */,
			);
			name = DemoApplicationTests;
			productName = DemoApplicationTests;
			productReference = 077AF5C61C1B0C3C00BD655E /* DemoApplicationTests.xctest */;
			productType = "com.apple.product-type.bundle.unit-test";
		};
/* End PBXNativeTarget section */

/* Begin PBXProject section */
		077AF5AA1C1B0C3C00BD655E /* Project object */ = {
			isa = PBXProject;
			attributes = {
				LastSwiftUpdateCheck = 0710;
				LastUpgradeCheck = 0710;
				ORGANIZATIONNAME = giginet;
				TargetAttributes = {
					077AF5B11C1B0C3C00BD655E = {
						CreatedOnToolsVersion = 7.1.1;
					};
					077AF5C51C1B0C3C00BD655E = {
						CreatedOnToolsVersion = 7.1.1;
						TestTargetID = 077AF5B11C1B0C3C00BD655E;
					};
				};
			};
			buildConfigurationList = 077AF5AD1C1B0C3C00BD655E /* Build configuration list for PBXProject "DemoApplication" */;
			compatibilityVersion = "Xcode 3.2";
			developmentRegion = English;
			hasScannedForEncodings = 0;
			knownRegions = (
				en,
				Base,
			);
			mainGroup = 077AF5A91C1B0C3C00BD655E;
			productRefGroup = 077AF5B31C1B0C3C00BD655E /* Products */;
			projectDirPath = "";
			projectRoot = "";
			targets = (
				077AF5B11C1B0C3C00BD655E /* DemoApplication */,
				077AF5C51C1B0C3C00BD655E /* DemoApplicationTests */,
			);
		};
/* End PBXProject section */

/* Begin PBXResourcesBuildPhase section */
		077AF5B01C1B0C3C00BD655E /* Resources */ = {
			isa = PBXResourcesBuildPhase;
			buildActionMask = 2147483647;
			files = (
				077AF5C01C1B0C3C00BD655E /* LaunchScreen.storyboard in Resources */,
				077AF5BD1C1B0C3C00BD655E /* Assets.xcassets in Resources */,
				077AF5BB1C1B0C3C00BD655E /* Main.storyboard in Resources */,
			);
			runOnlyForDeploymentPostprocessing = 0;
		};
		077AF5C41C1B0C3C00BD655E /* Resources */ = {
			isa = PBXResourcesBuildPhase;
			buildActionMask = 2147483647;
			files = (
			);
			runOnlyForDeploymentPostprocessing = 0;
		};
/* End PBXResourcesBuildPhase section */

/* Begin PBXSourcesBuildPhase section */
		077AF5AE1C1B0C3C00BD655E /* Sources */ = {
			isa = PBXSourcesBuildPhase;
			buildActionMask = 2147483647;
			files = (
				077AF5B81C1B0C3C00BD655E /* ViewController.swift in Sources */,
				077AF5B61C1B0C3C00BD655E /* AppDelegate.swift in Sources */,
			);
			runOnlyForDeploymentPostprocessing = 0;
		};
		077AF5C21C1B0C3C00BD655E /* Sources */ = {
			isa = PBXSourcesBuildPhase;
			buildActionMask = 2147483647;
			files = (
				077AF5CB1C1B0C3C00BD655E /* DemoApplicationTests.swift in Sources */,
			);
			runOnlyForDeploymentPostprocessing = 0;
		};
/* End PBXSourcesBuildPhase section */

/* Begin PBXTargetDependency section */
		077AF5C81C1B0C3C00BD655E /* PBXTargetDependency */ = {
			isa = PBXTargetDependency;
			target = 077AF5B11C1B0C3C00BD655E /* DemoApplication */;
			targetProxy = 077AF5C71C1B0C3C00BD655E /* PBXContainerItemProxy */;
		};
/* End PBXTargetDependency section */

/* Begin PBXVariantGroup section */
		077AF5B91C1B0C3C00BD655E /* Main.storyboard */ = {
			isa = PBXVariantGroup;
			children = (
				077AF5BA1C1B0C3C00BD655E /* Base */,
			);
			name = Main.storyboard;
			sourceTree = "<group>";
		};
		077AF5BE1C1B0C3C00BD655E /* LaunchScreen.storyboard */ = {
			isa = PBXVariantGroup;
			children = (
				077AF5BF1C1B0C3C00BD655E /* Base */,
			);
			name = LaunchScreen.storyboard;
			sourceTree = "<group>";
		};
/* End PBXVariantGroup section */

/* Begin XCBuildConfiguration section */
		077AF5CD1C1B0C3C00BD655E /* Debug */ = {
			isa = XCBuildConfiguration;
			buildSettings = {
				ALWAYS_SEARCH_USER_PATHS = NO;
				CLANG_CXX_LANGUAGE_STANDARD = "gnu++0x";
				CLANG_CXX_LIBRARY = "libc++";
				CLANG_ENABLE_MODULES = YES;
				CLANG_ENABLE_OBJC_ARC = YES;
				CLANG_WARN_BOOL_CONVERSION = YES;
				CLANG_WARN_CONSTANT_CONVERSION = YES;
				CLANG_WARN_DIRECT_OBJC_ISA_USAGE = YES_ERROR;
				CLANG_WARN_EMPTY_BODY = YES;
				CLANG_WARN_ENUM_CONVERSION = YES;
				CLANG_WARN_INT_CONVERSION = YES;
				CLANG_WARN_OBJC_ROOT_CLASS = YES_ERROR;
				CLANG_WARN_UNREACHABLE_CODE = YES;
				CLANG_WARN__DUPLICATE_METHOD_MATCH = YES;
				"CODE_SIGN_IDENTITY[sdk=iphoneos*]" = "iPhone Developer";
				COPY_PHASE_STRIP = NO;
				DEBUG_INFORMATION_FORMAT = dwarf;
				ENABLE_STRICT_OBJC_MSGSEND = YES;
				ENABLE_TESTABILITY = YES;
				GCC_C_LANGUAGE_STANDARD = gnu99;
				GCC_DYNAMIC_NO_PIC = NO;
				GCC_NO_COMMON_BLOCKS = YES;
				GCC_OPTIMIZATION_LEVEL = 0;
				GCC_PREPROCESSOR_DEFINITIONS = (
					"DEBUG=1",
					"$(inherited)",
				);
				GCC_WARN_64_TO_32_BIT_CONVERSION = YES;
				GCC_WARN_ABOUT_RETURN_TYPE = YES_ERROR;
				GCC_WARN_UNDECLARED_SELECTOR = YES;
				GCC_WARN_UNINITIALIZED_AUTOS = YES_AGGRESSIVE;
				GCC_WARN_UNUSED_FUNCTION = YES;
				GCC_WARN_UNUSED_VARIABLE = YES;
				IPHONEOS_DEPLOYMENT_TARGET = 9.1;
				MTL_ENABLE_DEBUG_INFO = YES;
				ONLY_ACTIVE_ARCH = YES;
				SDKROOT = iphoneos;
				SWIFT_OPTIMIZATION_LEVEL = "-Onone";
			};
			name = Debug;
		};
		077AF5CE1C1B0C3C00BD655E /* Release */ = {
			isa = XCBuildConfiguration;
			buildSettings = {
				ALWAYS_SEARCH_USER_PATHS = NO;
				CLANG_CXX_LANGUAGE_STANDARD = "gnu++0x";
				CLANG_CXX_LIBRARY = "libc++";
				CLANG_ENABLE_MODULES = YES;
				CLANG_ENABLE_OBJC_ARC = YES;
				CLANG_WARN_BOOL_CONVERSION = YES;
				CLANG_WARN_CONSTANT_CONVERSION = YES;
				CLANG_WARN_DIRECT_OBJC_ISA_USAGE = YES_ERROR;
				CLANG_WARN_EMPTY_BODY = YES;
				CLANG_WARN_ENUM_CONVERSION = YES;
				CLANG_WARN_INT_CONVERSION = YES;
				CLANG_WARN_OBJC_ROOT_CLASS = YES_ERROR;
				CLANG_WARN_UNREACHABLE_CODE = YES;
				CLANG_WARN__DUPLICATE_METHOD_MATCH = YES;
				"CODE_SIGN_IDENTITY[sdk=iphoneos*]" = "iPhone Developer";
				COPY_PHASE_STRIP = NO;
				DEBUG_INFORMATION_FORMAT = "dwarf-with-dsym";
				ENABLE_NS_ASSERTIONS = NO;
				ENABLE_STRICT_OBJC_MSGSEND = YES;
				GCC_C_LANGUAGE_STANDARD = gnu99;
				GCC_NO_COMMON_BLOCKS = YES;
				GCC_WARN_64_TO_32_BIT_CONVERSION = YES;
				GCC_WARN_ABOUT_RETURN_TYPE = YES_ERROR;
				GCC_WARN_UNDECLARED_SELECTOR = YES;
				GCC_WARN_UNINITIALIZED_AUTOS = YES_AGGRESSIVE;
				GCC_WARN_UNUSED_FUNCTION = YES;
				GCC_WARN_UNUSED_VARIABLE = YES;
				IPHONEOS_DEPLOYMENT_TARGET = 9.1;
				MTL_ENABLE_DEBUG_INFO = NO;
				SDKROOT = iphoneos;
				VALIDATE_PRODUCT = YES;
			};
			name = Release;
		};
		077AF5D01C1B0C3C00BD655E /* Debug */ = {
			isa = XCBuildConfiguration;
			buildSettings = {
				ASSETCATALOG_COMPILER_APPICON_NAME = AppIcon;
				INFOPLIST_FILE = DemoApplication/Info.plist;
				LD_RUNPATH_SEARCH_PATHS = "$(inherited) @executable_path/Frameworks";
				PRODUCT_BUNDLE_IDENTIFIER = org.giginet.DemoApplication;
				PRODUCT_NAME = "$(TARGET_NAME)";
			};
			name = Debug;
		};
		077AF5D11C1B0C3C00BD655E /* Release */ = {
			isa = XCBuildConfiguration;
			buildSettings = {
				ASSETCATALOG_COMPILER_APPICON_NAME = AppIcon;
				INFOPLIST_FILE = DemoApplication/Info.plist;
				LD_RUNPATH_SEARCH_PATHS = "$(inherited) @executable_path/Frameworks";
				PRODUCT_BUNDLE_IDENTIFIER = org.giginet.DemoApplication;
				PRODUCT_NAME = "$(TARGET_NAME)";
			};
			name = Release;
		};
		077AF5D31C1B0C3C00BD655E /* Debug */ = {
			isa = XCBuildConfiguration;
			buildSettings = {
				BUNDLE_LOADER = "$(TEST_HOST)";
				INFOPLIST_FILE = DemoApplicationTests/Info.plist;
				LD_RUNPATH_SEARCH_PATHS = "$(inherited) @executable_path/Frameworks @loader_path/Frameworks";
				PRODUCT_BUNDLE_IDENTIFIER = org.giginet.DemoApplicationTests;
				PRODUCT_NAME = "$(TARGET_NAME)";
				TEST_HOST = "$(BUILT_PRODUCTS_DIR)/DemoApplication.app/DemoApplication";
			};
			name = Debug;
		};
		077AF5D41C1B0C3C00BD655E /* Release */ = {
			isa = XCBuildConfiguration;
			buildSettings = {
				BUNDLE_LOADER = "$(TEST_HOST)";
				INFOPLIST_FILE = DemoApplicationTests/Info.plist;
				LD_RUNPATH_SEARCH_PATHS = "$(inherited) @executable_path/Frameworks @loader_path/Frameworks";
				PRODUCT_BUNDLE_IDENTIFIER = org.giginet.DemoApplicationTests;
				PRODUCT_NAME = "$(TARGET_NAME)";
				TEST_HOST = "$(BUILT_PRODUCTS_DIR)/DemoApplication.app/DemoApplication";
			};
			name = Release;
		};
/* End XCBuildConfiguration section */

/* Begin XCConfigurationList section */
		077AF5AD1C1B0C3C00BD655E /* Build configuration list for PBXProject "DemoApplication" */ = {
			isa = XCConfigurationList;
			buildConfigurations = (
				077AF5CD1C1B0C3C00BD655E /* Debug */,
				077AF5CE1C1B0C3C00BD655E /* Release */,
			);
			defaultConfigurationIsVisible = 0;
			defaultConfigurationName = Release;
		};
		077AF5CF1C1B0C3C00BD655E /* Build configuration list for PBXNativeTarget "DemoApplication" */ = {
			isa = XCConfigurationList;
			buildConfigurations = (
				077AF5D01C1B0C3C00BD655E /* Debug */,
				077AF5D11C1B0C3C00BD655E /* Release */,
			);
			defaultConfigurationIsVisible = 0;
		};
		077AF5D21C1B0C3C00BD655E /* Build configuration list for PBXNativeTarget "DemoApplicationTests" */ = {
			isa = XCConfigurationList;
			buildConfigurations = (
				077AF5D31C1B0C3C00BD655E /* Debug */,
				077AF5D41C1B0C3C00BD655E /* Release */,
			);
			defaultConfigurationIsVisible = 0;
		};
/* End XCConfigurationList section */
	};
	rootObject = 077AF5AA1C1B0C3C00BD655E /* Project object */;
}
